
Microsoft Visual Studio Solution File, Format Version 12.00
# Visual Studio Version 17
VisualStudioVersion = 17.5.002.0
MinimumVisualStudioVersion = 10.0.40219.1
Project("{9A19103F-16F7-4668-BE54-9A1E7A4F7556}") = "DemonLord", "DemonLord.csproj", "{757D11F7-A614-424B-BAC6-80FA0130A006}"
EndProject
Global
	GlobalSection(SolutionConfigurationPlatforms) = preSolution
		Debug|Any CPU = Debug|Any CPU
		Release|Any CPU = Release|Any CPU
	EndGlobalSection
	GlobalSection(ProjectConfigurationPlatforms) = postSolution
		{757D11F7-A614-424B-BAC6-80FA0130A006}.Debug|Any CPU.ActiveCfg = Debug|Any CPU
		{757D11F7-A614-424B-BAC6-80FA0130A006}.Debug|Any CPU.Build.0 = Debug|Any CPU
		{757D11F7-A614-424B-BAC6-80FA0130A006}.Release|Any CPU.ActiveCfg = Release|Any CPU
		{757D11F7-A614-424B-BAC6-80FA0130A006}.Release|Any CPU.Build.0 = Release|Any CPU
	EndGlobalSection
	GlobalSection(SolutionProperties) = preSolution
		HideSolutionNode = FALSE
	EndGlobalSection
	GlobalSection(ExtensibilityGlobals) = postSolution
		SolutionGuid = {598EF29D-825A-4588-BB28-1116EB9C040D}
	EndGlobalSection
EndGlobal
